
Microsoft Visual Studio Solution File, Format Version 12.00
# Visual Studio Version 16
VisualStudioVersion = 16.0.33027.164
MinimumVisualStudioVersion = 10.0.40219.1
Project("{FAE04EC0-301F-11D3-BF4B-00C04F79EFBC}") = "lab1ex8", "lab1ex8\lab1ex8.csproj", "{0A20386C-E528-44D1-A486-EBA475156922}"
EndProject
Global
	GlobalSection(SolutionConfigurationPlatforms) = preSolution
		Debug|Any CPU = Debug|Any CPU
		Release|Any CPU = Release|Any CPU
	EndGlobalSection
	GlobalSection(ProjectConfigurationPlatforms) = postSolution
		{0A20386C-E528-44D1-A486-EBA475156922}.Debug|Any CPU.ActiveCfg = Debug|Any CPU
		{0A20386C-E528-44D1-A486-EBA475156922}.Debug|Any CPU.Build.0 = Debug|Any CPU
		{0A20386C-E528-44D1-A486-EBA475156922}.Release|Any CPU.ActiveCfg = Release|Any CPU
		{0A20386C-E528-44D1-A486-EBA475156922}.Release|Any CPU.Build.0 = Release|Any CPU
	EndGlobalSection
	GlobalSection(SolutionProperties) = preSolution
		HideSolutionNode = FALSE
	EndGlobalSection
	GlobalSection(ExtensibilityGlobals) = postSolution
		SolutionGuid = {F7A14AEA-40F7-45D5-9F72-1869BA1ABF77}
	EndGlobalSection
EndGlobal
